
Microsoft Visual Studio Solution File, Format Version 12.00
# Visual Studio Version 17
VisualStudioVersion = 17.8.34408.163
MinimumVisualStudioVersion = 10.0.40219.1
Project("{FAE04EC0-301F-11D3-BF4B-00C04F79EFBC}") = "HSK_BookStoreManagement", "HSK_BookStoreManagement.csproj", "{78D52299-FC00-4F06-BCBD-CBF6E79F8804}"
EndProject
Global
	GlobalSection(SolutionConfigurationPlatforms) = preSolution
		Debug|Any CPU = Debug|Any CPU
		Release|Any CPU = Release|Any CPU
	EndGlobalSection
	GlobalSection(ProjectConfigurationPlatforms) = postSolution
		{78D52299-FC00-4F06-BCBD-CBF6E79F8804}.Debug|Any CPU.ActiveCfg = Debug|Any CPU
		{78D52299-FC00-4F06-BCBD-CBF6E79F8804}.Debug|Any CPU.Build.0 = Debug|Any CPU
		{78D52299-FC00-4F06-BCBD-CBF6E79F8804}.Release|Any CPU.ActiveCfg = Release|Any CPU
		{78D52299-FC00-4F06-BCBD-CBF6E79F8804}.Release|Any CPU.Build.0 = Release|Any CPU
	EndGlobalSection
	GlobalSection(SolutionProperties) = preSolution
		HideSolutionNode = FALSE
	EndGlobalSection
	GlobalSection(ExtensibilityGlobals) = postSolution
		SolutionGuid = {64BD5854-AD08-40E5-91CD-5F3B50F850E6}
	EndGlobalSection
EndGlobal
